
Microsoft Visual Studio Solution File, Format Version 12.00
# Visual Studio Version 17
VisualStudioVersion = 17.10.35122.118
MinimumVisualStudioVersion = 10.0.40219.1
Project("{9A19103F-16F7-4668-BE54-9A1E7A4F7556}") = "GitHubCopilotTesting", "GitHubCopilotTesting\GitHubCopilotTesting.csproj", "{827ABE77-25E5-448D-AD74-741971B749D7}"
EndProject
Project("{FAE04EC0-301F-11D3-BF4B-00C04F79EFBC}") = "GitHubCopilotTestingTests", "GitHubCopilotTestingTests\GitHubCopilotTestingTests.csproj", "{6E111674-E125-461B-A0BE-8B0DD01B1300}"
EndProject
Global
	GlobalSection(SolutionConfigurationPlatforms) = preSolution
		Debug|Any CPU = Debug|Any CPU
		Release|Any CPU = Release|Any CPU
	EndGlobalSection
	GlobalSection(ProjectConfigurationPlatforms) = postSolution
		{827ABE77-25E5-448D-AD74-741971B749D7}.Debug|Any CPU.ActiveCfg = Debug|Any CPU
		{827ABE77-25E5-448D-AD74-741971B749D7}.Debug|Any CPU.Build.0 = Debug|Any CPU
		{827ABE77-25E5-448D-AD74-741971B749D7}.Release|Any CPU.ActiveCfg = Release|Any CPU
		{827ABE77-25E5-448D-AD74-741971B749D7}.Release|Any CPU.Build.0 = Release|Any CPU
		{6E111674-E125-461B-A0BE-8B0DD01B1300}.Debug|Any CPU.ActiveCfg = Debug|Any CPU
		{6E111674-E125-461B-A0BE-8B0DD01B1300}.Debug|Any CPU.Build.0 = Debug|Any CPU
		{6E111674-E125-461B-A0BE-8B0DD01B1300}.Release|Any CPU.ActiveCfg = Release|Any CPU
		{6E111674-E125-461B-A0BE-8B0DD01B1300}.Release|Any CPU.Build.0 = Release|Any CPU
	EndGlobalSection
	GlobalSection(SolutionProperties) = preSolution
		HideSolutionNode = FALSE
	EndGlobalSection
	GlobalSection(ExtensibilityGlobals) = postSolution
		SolutionGuid = {74266A95-3E40-4640-B5BF-F42D3CB5923C}
	EndGlobalSection
EndGlobal
